
Microsoft Visual Studio Solution File, Format Version 12.00
# Visual Studio 2012
Project("{FAE04EC0-301F-11D3-BF4B-00C04F79EFBC}") = "HelloWorld", "HelloWorld\HelloWorld.csproj", "{49504EA6-AEE8-4F54-AB99-2A09BCE2FC37}"
EndProject
Project("{FAE04EC0-301F-11D3-BF4B-00C04F79EFBC}") = "HelloWorld.iOS", "iOS\HelloWorld.iOS.csproj", "{0B556423-9A93-4BED-8463-FE0FE2CE072A}"
EndProject
Project("{FAE04EC0-301F-11D3-BF4B-00C04F79EFBC}") = "HelloWorld.Droid", "Droid\HelloWorld.Droid.csproj", "{990BC823-F175-4418-A17F-994A35514E5D}"
EndProject
Global
	GlobalSection(SolutionConfigurationPlatforms) = preSolution
		Debug|Any CPU = Debug|Any CPU
		Release|Any CPU = Release|Any CPU
		Debug|iPhoneSimulator = Debug|iPhoneSimulator
		Release|iPhone = Release|iPhone
		Release|iPhoneSimulator = Release|iPhoneSimulator
		Debug|iPhone = Debug|iPhone
	EndGlobalSection
	GlobalSection(ProjectConfigurationPlatforms) = postSolution
		{0B556423-9A93-4BED-8463-FE0FE2CE072A}.Debug|Any CPU.ActiveCfg = Debug|iPhoneSimulator
		{0B556423-9A93-4BED-8463-FE0FE2CE072A}.Debug|Any CPU.Build.0 = Debug|iPhoneSimulator
		{0B556423-9A93-4BED-8463-FE0FE2CE072A}.Debug|iPhone.ActiveCfg = Debug|iPhone
		{0B556423-9A93-4BED-8463-FE0FE2CE072A}.Debug|iPhone.Build.0 = Debug|iPhone
		{0B556423-9A93-4BED-8463-FE0FE2CE072A}.Debug|iPhoneSimulator.ActiveCfg = Debug|iPhoneSimulator
		{0B556423-9A93-4BED-8463-FE0FE2CE072A}.Debug|iPhoneSimulator.Build.0 = Debug|iPhoneSimulator
		{0B556423-9A93-4BED-8463-FE0FE2CE072A}.Release|Any CPU.ActiveCfg = Release|iPhone
		{0B556423-9A93-4BED-8463-FE0FE2CE072A}.Release|Any CPU.Build.0 = Release|iPhone
		{0B556423-9A93-4BED-8463-FE0FE2CE072A}.Release|iPhone.ActiveCfg = Release|iPhone
		{0B556423-9A93-4BED-8463-FE0FE2CE072A}.Release|iPhone.Build.0 = Release|iPhone
		{0B556423-9A93-4BED-8463-FE0FE2CE072A}.Release|iPhoneSimulator.ActiveCfg = Release|iPhoneSimulator
		{0B556423-9A93-4BED-8463-FE0FE2CE072A}.Release|iPhoneSimulator.Build.0 = Release|iPhoneSimulator
		{49504EA6-AEE8-4F54-AB99-2A09BCE2FC37}.Debug|Any CPU.ActiveCfg = Debug|Any CPU
		{49504EA6-AEE8-4F54-AB99-2A09BCE2FC37}.Debug|Any CPU.Build.0 = Debug|Any CPU
		{49504EA6-AEE8-4F54-AB99-2A09BCE2FC37}.Debug|iPhone.ActiveCfg = Debug|Any CPU
		{49504EA6-AEE8-4F54-AB99-2A09BCE2FC37}.Debug|iPhone.Build.0 = Debug|Any CPU
		{49504EA6-AEE8-4F54-AB99-2A09BCE2FC37}.Debug|iPhoneSimulator.ActiveCfg = Debug|Any CPU
		{49504EA6-AEE8-4F54-AB99-2A09BCE2FC37}.Debug|iPhoneSimulator.Build.0 = Debug|Any CPU
		{49504EA6-AEE8-4F54-AB99-2A09BCE2FC37}.Release|Any CPU.ActiveCfg = Release|Any CPU
		{49504EA6-AEE8-4F54-AB99-2A09BCE2FC37}.Release|Any CPU.Build.0 = Release|Any CPU
		{49504EA6-AEE8-4F54-AB99-2A09BCE2FC37}.Release|iPhone.ActiveCfg = Release|Any CPU
		{49504EA6-AEE8-4F54-AB99-2A09BCE2FC37}.Release|iPhone.Build.0 = Release|Any CPU
		{49504EA6-AEE8-4F54-AB99-2A09BCE2FC37}.Release|iPhoneSimulator.ActiveCfg = Release|Any CPU
		{49504EA6-AEE8-4F54-AB99-2A09BCE2FC37}.Release|iPhoneSimulator.Build.0 = Release|Any CPU
		{990BC823-F175-4418-A17F-994A35514E5D}.Debug|Any CPU.ActiveCfg = Debug|Any CPU
		{990BC823-F175-4418-A17F-994A35514E5D}.Debug|Any CPU.Build.0 = Debug|Any CPU
		{990BC823-F175-4418-A17F-994A35514E5D}.Debug|iPhone.ActiveCfg = Debug|Any CPU
		{990BC823-F175-4418-A17F-994A35514E5D}.Debug|iPhone.Build.0 = Debug|Any CPU
		{990BC823-F175-4418-A17F-994A35514E5D}.Debug|iPhoneSimulator.ActiveCfg = Debug|Any CPU
		{990BC823-F175-4418-A17F-994A35514E5D}.Debug|iPhoneSimulator.Build.0 = Debug|Any CPU
		{990BC823-F175-4418-A17F-994A35514E5D}.Release|Any CPU.ActiveCfg = Release|Any CPU
		{990BC823-F175-4418-A17F-994A35514E5D}.Release|Any CPU.Build.0 = Release|Any CPU
		{990BC823-F175-4418-A17F-994A35514E5D}.Release|iPhone.ActiveCfg = Release|Any CPU
		{990BC823-F175-4418-A17F-994A35514E5D}.Release|iPhone.Build.0 = Release|Any CPU
		{990BC823-F175-4418-A17F-994A35514E5D}.Release|iPhoneSimulator.ActiveCfg = Release|Any CPU
		{990BC823-F175-4418-A17F-994A35514E5D}.Release|iPhoneSimulator.Build.0 = Release|Any CPU
	EndGlobalSection
EndGlobal
